
Microsoft Visual Studio Solution File, Format Version 12.00
# Visual Studio Version 16
VisualStudioVersion = 16.0.30907.101
MinimumVisualStudioVersion = 10.0.40219.1
Project("{FAE04EC0-301F-11D3-BF4B-00C04F79EFBC}") = "DracoonCryptoSdk", "DracoonCryptoSdk\DracoonCryptoSdk.csproj", "{7FD948AF-07CB-415C-A6E8-5985AD82D2CE}"
EndProject
Project("{FAE04EC0-301F-11D3-BF4B-00C04F79EFBC}") = "DracoonCryptoSdkTest", "DracoonCryptoSdkTest\DracoonCryptoSdkTest.csproj", "{BE2B0D34-FBBC-48B1-BC55-8ECC5015AF07}"
EndProject
Project("{FAE04EC0-301F-11D3-BF4B-00C04F79EFBC}") = "DracoonCryptoSdkExample", "DracoonCryptoSdkExample\DracoonCryptoSdkExample.csproj", "{4BAEA086-6A9C-4675-999A-56A75372E63A}"
EndProject
Project("{2150E333-8FDC-42A3-9474-1A3956D46DE8}") = "Solution Items", "Solution Items", "{9346A2E3-3586-41B1-B79F-BC761E789155}"
	ProjectSection(SolutionItems) = preProject
		.editorconfig = .editorconfig
	EndProjectSection
EndProject
Global
	GlobalSection(SolutionConfigurationPlatforms) = preSolution
		Debug|Any CPU = Debug|Any CPU
		Release|Any CPU = Release|Any CPU
	EndGlobalSection
	GlobalSection(ProjectConfigurationPlatforms) = postSolution
		{7FD948AF-07CB-415C-A6E8-5985AD82D2CE}.Debug|Any CPU.ActiveCfg = Debug|Any CPU
		{7FD948AF-07CB-415C-A6E8-5985AD82D2CE}.Debug|Any CPU.Build.0 = Debug|Any CPU
		{7FD948AF-07CB-415C-A6E8-5985AD82D2CE}.Release|Any CPU.ActiveCfg = Release|Any CPU
		{7FD948AF-07CB-415C-A6E8-5985AD82D2CE}.Release|Any CPU.Build.0 = Release|Any CPU
		{BE2B0D34-FBBC-48B1-BC55-8ECC5015AF07}.Debug|Any CPU.ActiveCfg = Debug|Any CPU
		{BE2B0D34-FBBC-48B1-BC55-8ECC5015AF07}.Debug|Any CPU.Build.0 = Debug|Any CPU
		{BE2B0D34-FBBC-48B1-BC55-8ECC5015AF07}.Release|Any CPU.ActiveCfg = Release|Any CPU
		{BE2B0D34-FBBC-48B1-BC55-8ECC5015AF07}.Release|Any CPU.Build.0 = Release|Any CPU
		{4BAEA086-6A9C-4675-999A-56A75372E63A}.Debug|Any CPU.ActiveCfg = Debug|Any CPU
		{4BAEA086-6A9C-4675-999A-56A75372E63A}.Debug|Any CPU.Build.0 = Debug|Any CPU
		{4BAEA086-6A9C-4675-999A-56A75372E63A}.Release|Any CPU.ActiveCfg = Release|Any CPU
		{4BAEA086-6A9C-4675-999A-56A75372E63A}.Release|Any CPU.Build.0 = Release|Any CPU
	EndGlobalSection
	GlobalSection(SolutionProperties) = preSolution
		HideSolutionNode = FALSE
	EndGlobalSection
	GlobalSection(ExtensibilityGlobals) = postSolution
		SolutionGuid = {4C4DCCFF-C880-4BDB-98AF-D03E37D922D5}
	EndGlobalSection
EndGlobal
